
Microsoft Visual Studio Solution File, Format Version 12.00
# Visual Studio Version 17
VisualStudioVersion = 17.0.31903.59
MinimumVisualStudioVersion = 10.0.40219.1
Project("{FAE04EC0-301F-11D3-BF4B-00C04F79EFBC}") = "GamersWorld.Data", "GamersWorld.Data\GamersWorld.Data.csproj", "{392BF6D3-7447-46A7-8945-C29176E67F85}"
EndProject
Project("{FAE04EC0-301F-11D3-BF4B-00C04F79EFBC}") = "GamersWorld.DataContext", "GamersWorld.DataContext\GamersWorld.DataContext.csproj", "{A871C945-6D39-4E5D-86A0-CB062215C926}"
EndProject
Global
	GlobalSection(SolutionConfigurationPlatforms) = preSolution
		Debug|Any CPU = Debug|Any CPU
		Release|Any CPU = Release|Any CPU
	EndGlobalSection
	GlobalSection(SolutionProperties) = preSolution
		HideSolutionNode = FALSE
	EndGlobalSection
	GlobalSection(ProjectConfigurationPlatforms) = postSolution
		{392BF6D3-7447-46A7-8945-C29176E67F85}.Debug|Any CPU.ActiveCfg = Debug|Any CPU
		{392BF6D3-7447-46A7-8945-C29176E67F85}.Debug|Any CPU.Build.0 = Debug|Any CPU
		{392BF6D3-7447-46A7-8945-C29176E67F85}.Release|Any CPU.ActiveCfg = Release|Any CPU
		{392BF6D3-7447-46A7-8945-C29176E67F85}.Release|Any CPU.Build.0 = Release|Any CPU
		{A871C945-6D39-4E5D-86A0-CB062215C926}.Debug|Any CPU.ActiveCfg = Debug|Any CPU
		{A871C945-6D39-4E5D-86A0-CB062215C926}.Debug|Any CPU.Build.0 = Debug|Any CPU
		{A871C945-6D39-4E5D-86A0-CB062215C926}.Release|Any CPU.ActiveCfg = Release|Any CPU
		{A871C945-6D39-4E5D-86A0-CB062215C926}.Release|Any CPU.Build.0 = Release|Any CPU
	EndGlobalSection
EndGlobal
